{
  "lockfileVersion": 1,
  "configVersion": 1,
  "workspaces": {
    "": {
      "name": "mission-control",
      "devDependencies": {
        "@biomejs/biome": "2.3.13",
        "@types/node": "^25.2.0",
        "turbo": "^2.8.1",
        "typescript": "5.9.2",
      },
    },
    "examples/ask-user-for-review": {
      "name": "ask-user-for-review",
      "version": "1.0.0-rc.1",
      "dependencies": {
        "@mission-control/core": "workspace:*",
        "@mission-control/in-memory-commander": "workspace:*",
        "zod": "^4.3.6",
      },
    },
    "examples/durable-reminder": {
      "name": "durable-reminder",
      "version": "1.0.0-rc.1",
      "dependencies": {
        "@mission-control/core": "workspace:*",
        "@mission-control/sqlite-commander": "workspace:*",
        "zod": "^4.3.6",
      },
    },
    "examples/order-fulfillment": {
      "name": "order-fulfillment",
      "version": "1.0.0-rc.1",
      "dependencies": {
        "@mission-control/core": "workspace:*",
        "@mission-control/in-memory-commander": "workspace:*",
        "zod": "^4.3.6",
      },
    },
    "packages/core": {
      "name": "@mission-control/core",
      "version": "1.0.0-rc.1",
      "dependencies": {
        "zod": "^4.3.6",
      },
      "peerDependencies": {
        "typescript": "^5",
      },
    },
    "packages/in-memory-commander": {
      "name": "@mission-control/in-memory-commander",
      "version": "1.0.0-rc.1",
      "dependencies": {
        "@mission-control/core": "workspace:*",
      },
      "peerDependencies": {
        "typescript": "^5",
      },
    },
    "packages/sqlite-commander": {
      "name": "@mission-control/sqlite-commander",
      "version": "1.0.0-rc.1",
      "dependencies": {
        "@mission-control/core": "workspace:*",
      },
      "peerDependencies": {
        "typescript": "^5",
      },
    },
  },
  "packages": {
    "@biomejs/biome": ["@biomejs/biome@2.3.13", "", { "optionalDependencies": { "@biomejs/cli-darwin-arm64": "2.3.13", "@biomejs/cli-darwin-x64": "2.3.13", "@biomejs/cli-linux-arm64": "2.3.13", "@biomejs/cli-linux-arm64-musl": "2.3.13", "@biomejs/cli-linux-x64": "2.3.13", "@biomejs/cli-linux-x64-musl": "2.3.13", "@biomejs/cli-win32-arm64": "2.3.13", "@biomejs/cli-win32-x64": "2.3.13" }, "bin": { "biome": "bin/biome" } }, "sha512-Fw7UsV0UAtWIBIm0M7g5CRerpu1eKyKAXIazzxhbXYUyMkwNrkX/KLkGI7b+uVDQ5cLUMfOC9vR60q9IDYDstA=="],

    "@biomejs/cli-darwin-arm64": ["@biomejs/cli-darwin-arm64@2.3.13", "", { "os": "darwin", "cpu": "arm64" }, "sha512-0OCwP0/BoKzyJHnFdaTk/i7hIP9JHH9oJJq6hrSCPmJPo8JWcJhprK4gQlhFzrwdTBAW4Bjt/RmCf3ZZe59gwQ=="],

    "@biomejs/cli-darwin-x64": ["@biomejs/cli-darwin-x64@2.3.13", "", { "os": "darwin", "cpu": "x64" }, "sha512-AGr8OoemT/ejynbIu56qeil2+F2WLkIjn2d8jGK1JkchxnMUhYOfnqc9sVzcRxpG9Ycvw4weQ5sprRvtb7Yhcw=="],

    "@biomejs/cli-linux-arm64": ["@biomejs/cli-linux-arm64@2.3.13", "", { "os": "linux", "cpu": "arm64" }, "sha512-xvOiFkrDNu607MPMBUQ6huHmBG1PZLOrqhtK6pXJW3GjfVqJg0Z/qpTdhXfcqWdSZHcT+Nct2fOgewZvytESkw=="],

    "@biomejs/cli-linux-arm64-musl": ["@biomejs/cli-linux-arm64-musl@2.3.13", "", { "os": "linux", "cpu": "arm64" }, "sha512-TUdDCSY+Eo/EHjhJz7P2GnWwfqet+lFxBZzGHldrvULr59AgahamLs/N85SC4+bdF86EhqDuuw9rYLvLFWWlXA=="],

    "@biomejs/cli-linux-x64": ["@biomejs/cli-linux-x64@2.3.13", "", { "os": "linux", "cpu": "x64" }, "sha512-s+YsZlgiXNq8XkgHs6xdvKDFOj/bwTEevqEY6rC2I3cBHbxXYU1LOZstH3Ffw9hE5tE1sqT7U23C00MzkXztMw=="],

    "@biomejs/cli-linux-x64-musl": ["@biomejs/cli-linux-x64-musl@2.3.13", "", { "os": "linux", "cpu": "x64" }, "sha512-0bdwFVSbbM//Sds6OjtnmQGp4eUjOTt6kHvR/1P0ieR9GcTUAlPNvPC3DiavTqq302W34Ae2T6u5VVNGuQtGlQ=="],

    "@biomejs/cli-win32-arm64": ["@biomejs/cli-win32-arm64@2.3.13", "", { "os": "win32", "cpu": "arm64" }, "sha512-QweDxY89fq0VvrxME+wS/BXKmqMrOTZlN9SqQ79kQSIc3FrEwvW/PvUegQF6XIVaekncDykB5dzPqjbwSKs9DA=="],

    "@biomejs/cli-win32-x64": ["@biomejs/cli-win32-x64@2.3.13", "", { "os": "win32", "cpu": "x64" }, "sha512-trDw2ogdM2lyav9WFQsdsfdVy1dvZALymRpgmWsvSez0BJzBjulhOT/t+wyKeh3pZWvwP3VMs1SoOKwO3wecMQ=="],

    "@mission-control/core": ["@mission-control/core@workspace:packages/core"],

    "@mission-control/in-memory-commander": ["@mission-control/in-memory-commander@workspace:packages/in-memory-commander"],

    "@mission-control/sqlite-commander": ["@mission-control/sqlite-commander@workspace:packages/sqlite-commander"],

    "@turbo/darwin-64": ["@turbo/darwin-64@2.9.6", "", { "os": "darwin", "cpu": "x64" }, "sha512-X/56SnVXIQZBLKwniGTwEQTGmtE5brSACnKMBWpY3YafuxVYefrC2acamfjgxP7BG5w3I+6jf0UrLoSzgPcSJg=="],

    "@turbo/darwin-arm64": ["@turbo/darwin-arm64@2.9.6", "", { "os": "darwin", "cpu": "arm64" }, "sha512-aalBeSl4agT/QtYGDyf/XLajedWzUC9Vg/pm/YO6QQ93vkQ91Vz5uK1ta5RbVRDozQSz4njxUNqRNmOXDzW+qw=="],

    "@turbo/linux-64": ["@turbo/linux-64@2.9.6", "", { "os": "linux", "cpu": "x64" }, "sha512-YKi05jnNHaD7vevgYwahpzGwbsNNTwzU2c7VZdmdFm7+cGDP4oREUWSsainiMfRqjRuolQxBwRn8wf1jmu+YZA=="],

    "@turbo/linux-arm64": ["@turbo/linux-arm64@2.9.6", "", { "os": "linux", "cpu": "arm64" }, "sha512-02o/ZS69cOYEDczXvOB2xmyrtzjQ2hVFtWZK1iqxXUfzMmTjZK4UumrfNnjckSg+gqeBfnPRHa0NstA173Ik3g=="],

    "@turbo/windows-64": ["@turbo/windows-64@2.9.6", "", { "os": "win32", "cpu": "x64" }, "sha512-wVdQjvnBI15wB6JrA+43CtUtagjIMmX6XYO758oZHAsCNSxqRlJtdyujih0D8OCnwCRWiGWGI63zAxR0hO6s9g=="],

    "@turbo/windows-arm64": ["@turbo/windows-arm64@2.9.6", "", { "os": "win32", "cpu": "arm64" }, "sha512-1XUUyWW0W6FTSqGEhU8RHVqb2wP1SPkr7hIvBlMEwH9jr+sJQK5kqeosLJ/QaUv4ecSAd1ZhIrLoW7qslAzT4A=="],

    "@types/node": ["@types/node@25.6.0", "", { "dependencies": { "undici-types": "~7.19.0" } }, "sha512-+qIYRKdNYJwY3vRCZMdJbPLJAtGjQBudzZzdzwQYkEPQd+PJGixUL5QfvCLDaULoLv+RhT3LDkwEfKaAkgSmNQ=="],

    "ask-user-for-review": ["ask-user-for-review@workspace:examples/ask-user-for-review"],

    "durable-reminder": ["durable-reminder@workspace:examples/durable-reminder"],

    "order-fulfillment": ["order-fulfillment@workspace:examples/order-fulfillment"],

    "turbo": ["turbo@2.9.6", "", { "optionalDependencies": { "@turbo/darwin-64": "2.9.6", "@turbo/darwin-arm64": "2.9.6", "@turbo/linux-64": "2.9.6", "@turbo/linux-arm64": "2.9.6", "@turbo/windows-64": "2.9.6", "@turbo/windows-arm64": "2.9.6" }, "bin": { "turbo": "bin/turbo" } }, "sha512-+v2QJey7ZUeUiuigkU+uFfklvNUyPI2VO2vBpMYJA+a1hKFLFiKtUYlRHdb3P9CrAvMzi0upbjI4WT+zKtqkBg=="],

    "typescript": ["typescript@5.9.2", "", { "bin": { "tsc": "bin/tsc", "tsserver": "bin/tsserver" } }, "sha512-CWBzXQrc/qOkhidw1OzBTQuYRbfyxDXJMVJ1XNwUHGROVmuaeiEm3OslpZ1RV96d7SKKjZKrSJu3+t/xlw3R9A=="],

    "undici-types": ["undici-types@7.19.2", "", {}, "sha512-qYVnV5OEm2AW8cJMCpdV20CDyaN3g0AjDlOGf1OW4iaDEx8MwdtChUp4zu4H0VP3nDRF/8RKWH+IPp9uW0YGZg=="],

    "zod": ["zod@4.3.6", "", {}, "sha512-rftlrkhHZOcjDwkGlnUtZZkvaPHCsDATp4pGpuOOMDaTdDDXF91wuVDJoWoPsKX/3YPQ5fHuF3STjcYyKr+Qhg=="],
  }
}
